
Microsoft Visual Studio Solution File, Format Version 12.00
# Visual Studio Version 17
VisualStudioVersion = 17.6.33717.318
MinimumVisualStudioVersion = 10.0.40219.1
Project("{9A19103F-16F7-4668-BE54-9A1E7A4F7556}") = "Seminar1", "Seminar1\Seminar1.csproj", "{2C073AF7-EE2B-4160-8009-6521E30F99DD}"
EndProject
Project("{9A19103F-16F7-4668-BE54-9A1E7A4F7556}") = "Seminar2", "Seminar2\Seminar2.csproj", "{BB88E7B7-BC7E-4303-BF23-1957D169087A}"
EndProject
Project("{9A19103F-16F7-4668-BE54-9A1E7A4F7556}") = "Seminar3", "Seminar3\Seminar3.csproj", "{6C7A2E9A-6330-411F-841C-1DFCEA549B49}"
EndProject
Project("{9A19103F-16F7-4668-BE54-9A1E7A4F7556}") = "Seminar4", "Seminar4\Seminar4.csproj", "{73FB665D-8C0E-4990-868A-EED9B0FB831A}"
EndProject
Project("{FAE04EC0-301F-11D3-BF4B-00C04F79EFBC}") = "Seminar9", "Seminar9\Seminar9.csproj", "{911B542C-B028-4F4E-BE91-44E670219DBB}"
EndProject
Global
	GlobalSection(SolutionConfigurationPlatforms) = preSolution
		Debug|Any CPU = Debug|Any CPU
		Release|Any CPU = Release|Any CPU
	EndGlobalSection
	GlobalSection(ProjectConfigurationPlatforms) = postSolution
		{2C073AF7-EE2B-4160-8009-6521E30F99DD}.Debug|Any CPU.ActiveCfg = Debug|Any CPU
		{2C073AF7-EE2B-4160-8009-6521E30F99DD}.Debug|Any CPU.Build.0 = Debug|Any CPU
		{2C073AF7-EE2B-4160-8009-6521E30F99DD}.Release|Any CPU.ActiveCfg = Release|Any CPU
		{2C073AF7-EE2B-4160-8009-6521E30F99DD}.Release|Any CPU.Build.0 = Release|Any CPU
		{BB88E7B7-BC7E-4303-BF23-1957D169087A}.Debug|Any CPU.ActiveCfg = Debug|Any CPU
		{BB88E7B7-BC7E-4303-BF23-1957D169087A}.Debug|Any CPU.Build.0 = Debug|Any CPU
		{BB88E7B7-BC7E-4303-BF23-1957D169087A}.Release|Any CPU.ActiveCfg = Release|Any CPU
		{BB88E7B7-BC7E-4303-BF23-1957D169087A}.Release|Any CPU.Build.0 = Release|Any CPU
		{6C7A2E9A-6330-411F-841C-1DFCEA549B49}.Debug|Any CPU.ActiveCfg = Debug|Any CPU
		{6C7A2E9A-6330-411F-841C-1DFCEA549B49}.Debug|Any CPU.Build.0 = Debug|Any CPU
		{6C7A2E9A-6330-411F-841C-1DFCEA549B49}.Release|Any CPU.ActiveCfg = Release|Any CPU
		{6C7A2E9A-6330-411F-841C-1DFCEA549B49}.Release|Any CPU.Build.0 = Release|Any CPU
		{73FB665D-8C0E-4990-868A-EED9B0FB831A}.Debug|Any CPU.ActiveCfg = Debug|Any CPU
		{73FB665D-8C0E-4990-868A-EED9B0FB831A}.Debug|Any CPU.Build.0 = Debug|Any CPU
		{73FB665D-8C0E-4990-868A-EED9B0FB831A}.Release|Any CPU.ActiveCfg = Release|Any CPU
		{73FB665D-8C0E-4990-868A-EED9B0FB831A}.Release|Any CPU.Build.0 = Release|Any CPU
		{911B542C-B028-4F4E-BE91-44E670219DBB}.Debug|Any CPU.ActiveCfg = Debug|Any CPU
		{911B542C-B028-4F4E-BE91-44E670219DBB}.Debug|Any CPU.Build.0 = Debug|Any CPU
		{911B542C-B028-4F4E-BE91-44E670219DBB}.Release|Any CPU.ActiveCfg = Release|Any CPU
		{911B542C-B028-4F4E-BE91-44E670219DBB}.Release|Any CPU.Build.0 = Release|Any CPU
	EndGlobalSection
	GlobalSection(SolutionProperties) = preSolution
		HideSolutionNode = FALSE
	EndGlobalSection
	GlobalSection(ExtensibilityGlobals) = postSolution
		SolutionGuid = {1FEAE36B-9862-4666-8CF3-823C8FEF6B13}
	EndGlobalSection
EndGlobal
